
Microsoft Visual Studio Solution File, Format Version 12.00
# Visual Studio 15
VisualStudioVersion = 15.0.28307.329
MinimumVisualStudioVersion = 10.0.40219.1
Project("{FAE04EC0-301F-11D3-BF4B-00C04F79EFBC}") = "DmobileApp.Android", "DmobileApp\DmobileApp.Android\DmobileApp.Android.csproj", "{DA4973A2-A5F6-49D2-A58A-020881E1F45E}"
EndProject
Project("{FAE04EC0-301F-11D3-BF4B-00C04F79EFBC}") = "DmobileApp.iOS", "DmobileApp\DmobileApp.iOS\DmobileApp.iOS.csproj", "{0CAE4F37-11AC-4ECE-8CDB-4C0CE6F4FB55}"
EndProject
Project("{FAE04EC0-301F-11D3-BF4B-00C04F79EFBC}") = "DmobileApp", "DmobileApp\DmobileApp\DmobileApp.csproj", "{7EC74695-300A-4C92-BC19-AF5028EF22F8}"
EndProject
Global
	GlobalSection(SolutionConfigurationPlatforms) = preSolution
		Ad-Hoc|Any CPU = Ad-Hoc|Any CPU
		Ad-Hoc|iPhone = Ad-Hoc|iPhone
		Ad-Hoc|iPhoneSimulator = Ad-Hoc|iPhoneSimulator
		AppStore|Any CPU = AppStore|Any CPU
		AppStore|iPhone = AppStore|iPhone
		AppStore|iPhoneSimulator = AppStore|iPhoneSimulator
		Debug|Any CPU = Debug|Any CPU
		Debug|iPhone = Debug|iPhone
		Debug|iPhoneSimulator = Debug|iPhoneSimulator
		Release|Any CPU = Release|Any CPU
		Release|iPhone = Release|iPhone
		Release|iPhoneSimulator = Release|iPhoneSimulator
	EndGlobalSection
	GlobalSection(ProjectConfigurationPlatforms) = postSolution
		{DA4973A2-A5F6-49D2-A58A-020881E1F45E}.Ad-Hoc|Any CPU.ActiveCfg = Release|Any CPU
		{DA4973A2-A5F6-49D2-A58A-020881E1F45E}.Ad-Hoc|Any CPU.Build.0 = Release|Any CPU
		{DA4973A2-A5F6-49D2-A58A-020881E1F45E}.Ad-Hoc|Any CPU.Deploy.0 = Release|Any CPU
		{DA4973A2-A5F6-49D2-A58A-020881E1F45E}.Ad-Hoc|iPhone.ActiveCfg = Release|Any CPU
		{DA4973A2-A5F6-49D2-A58A-020881E1F45E}.Ad-Hoc|iPhone.Build.0 = Release|Any CPU
		{DA4973A2-A5F6-49D2-A58A-020881E1F45E}.Ad-Hoc|iPhone.Deploy.0 = Release|Any CPU
		{DA4973A2-A5F6-49D2-A58A-020881E1F45E}.Ad-Hoc|iPhoneSimulator.ActiveCfg = Release|Any CPU
		{DA4973A2-A5F6-49D2-A58A-020881E1F45E}.Ad-Hoc|iPhoneSimulator.Build.0 = Release|Any CPU
		{DA4973A2-A5F6-49D2-A58A-020881E1F45E}.Ad-Hoc|iPhoneSimulator.Deploy.0 = Release|Any CPU
		{DA4973A2-A5F6-49D2-A58A-020881E1F45E}.AppStore|Any CPU.ActiveCfg = Release|Any CPU
		{DA4973A2-A5F6-49D2-A58A-020881E1F45E}.AppStore|Any CPU.Build.0 = Release|Any CPU
		{DA4973A2-A5F6-49D2-A58A-020881E1F45E}.AppStore|Any CPU.Deploy.0 = Release|Any CPU
		{DA4973A2-A5F6-49D2-A58A-020881E1F45E}.AppStore|iPhone.ActiveCfg = Release|Any CPU
		{DA4973A2-A5F6-49D2-A58A-020881E1F45E}.AppStore|iPhone.Build.0 = Release|Any CPU
		{DA4973A2-A5F6-49D2-A58A-020881E1F45E}.AppStore|iPhone.Deploy.0 = Release|Any CPU
		{DA4973A2-A5F6-49D2-A58A-020881E1F45E}.AppStore|iPhoneSimulator.ActiveCfg = Release|Any CPU
		{DA4973A2-A5F6-49D2-A58A-020881E1F45E}.AppStore|iPhoneSimulator.Build.0 = Release|Any CPU
		{DA4973A2-A5F6-49D2-A58A-020881E1F45E}.AppStore|iPhoneSimulator.Deploy.0 = Release|Any CPU
		{DA4973A2-A5F6-49D2-A58A-020881E1F45E}.Debug|Any CPU.ActiveCfg = Debug|Any CPU
		{DA4973A2-A5F6-49D2-A58A-020881E1F45E}.Debug|Any CPU.Build.0 = Debug|Any CPU
		{DA4973A2-A5F6-49D2-A58A-020881E1F45E}.Debug|Any CPU.Deploy.0 = Debug|Any CPU
		{DA4973A2-A5F6-49D2-A58A-020881E1F45E}.Debug|iPhone.ActiveCfg = Debug|Any CPU
		{DA4973A2-A5F6-49D2-A58A-020881E1F45E}.Debug|iPhone.Build.0 = Debug|Any CPU
		{DA4973A2-A5F6-49D2-A58A-020881E1F45E}.Debug|iPhone.Deploy.0 = Debug|Any CPU
		{DA4973A2-A5F6-49D2-A58A-020881E1F45E}.Debug|iPhoneSimulator.ActiveCfg = Debug|Any CPU
		{DA4973A2-A5F6-49D2-A58A-020881E1F45E}.Debug|iPhoneSimulator.Build.0 = Debug|Any CPU
		{DA4973A2-A5F6-49D2-A58A-020881E1F45E}.Debug|iPhoneSimulator.Deploy.0 = Debug|Any CPU
		{DA4973A2-A5F6-49D2-A58A-020881E1F45E}.Release|Any CPU.ActiveCfg = Release|Any CPU
		{DA4973A2-A5F6-49D2-A58A-020881E1F45E}.Release|Any CPU.Build.0 = Release|Any CPU
		{DA4973A2-A5F6-49D2-A58A-020881E1F45E}.Release|Any CPU.Deploy.0 = Release|Any CPU
		{DA4973A2-A5F6-49D2-A58A-020881E1F45E}.Release|iPhone.ActiveCfg = Release|Any CPU
		{DA4973A2-A5F6-49D2-A58A-020881E1F45E}.Release|iPhone.Build.0 = Release|Any CPU
		{DA4973A2-A5F6-49D2-A58A-020881E1F45E}.Release|iPhone.Deploy.0 = Release|Any CPU
		{DA4973A2-A5F6-49D2-A58A-020881E1F45E}.Release|iPhoneSimulator.ActiveCfg = Release|Any CPU
		{DA4973A2-A5F6-49D2-A58A-020881E1F45E}.Release|iPhoneSimulator.Build.0 = Release|Any CPU
		{DA4973A2-A5F6-49D2-A58A-020881E1F45E}.Release|iPhoneSimulator.Deploy.0 = Release|Any CPU
		{0CAE4F37-11AC-4ECE-8CDB-4C0CE6F4FB55}.Ad-Hoc|Any CPU.ActiveCfg = Ad-Hoc|iPhone
		{0CAE4F37-11AC-4ECE-8CDB-4C0CE6F4FB55}.Ad-Hoc|Any CPU.Build.0 = Ad-Hoc|iPhone
		{0CAE4F37-11AC-4ECE-8CDB-4C0CE6F4FB55}.Ad-Hoc|Any CPU.Deploy.0 = Ad-Hoc|iPhone
		{0CAE4F37-11AC-4ECE-8CDB-4C0CE6F4FB55}.Ad-Hoc|iPhone.ActiveCfg = Ad-Hoc|iPhone
		{0CAE4F37-11AC-4ECE-8CDB-4C0CE6F4FB55}.Ad-Hoc|iPhone.Build.0 = Ad-Hoc|iPhone
		{0CAE4F37-11AC-4ECE-8CDB-4C0CE6F4FB55}.Ad-Hoc|iPhone.Deploy.0 = Ad-Hoc|iPhone
		{0CAE4F37-11AC-4ECE-8CDB-4C0CE6F4FB55}.Ad-Hoc|iPhoneSimulator.ActiveCfg = Ad-Hoc|iPhoneSimulator
		{0CAE4F37-11AC-4ECE-8CDB-4C0CE6F4FB55}.Ad-Hoc|iPhoneSimulator.Build.0 = Ad-Hoc|iPhoneSimulator
		{0CAE4F37-11AC-4ECE-8CDB-4C0CE6F4FB55}.Ad-Hoc|iPhoneSimulator.Deploy.0 = Ad-Hoc|iPhoneSimulator
		{0CAE4F37-11AC-4ECE-8CDB-4C0CE6F4FB55}.AppStore|Any CPU.ActiveCfg = AppStore|iPhone
		{0CAE4F37-11AC-4ECE-8CDB-4C0CE6F4FB55}.AppStore|Any CPU.Build.0 = AppStore|iPhone
		{0CAE4F37-11AC-4ECE-8CDB-4C0CE6F4FB55}.AppStore|Any CPU.Deploy.0 = AppStore|iPhone
		{0CAE4F37-11AC-4ECE-8CDB-4C0CE6F4FB55}.AppStore|iPhone.ActiveCfg = AppStore|iPhone
		{0CAE4F37-11AC-4ECE-8CDB-4C0CE6F4FB55}.AppStore|iPhone.Build.0 = AppStore|iPhone
		{0CAE4F37-11AC-4ECE-8CDB-4C0CE6F4FB55}.AppStore|iPhone.Deploy.0 = AppStore|iPhone
		{0CAE4F37-11AC-4ECE-8CDB-4C0CE6F4FB55}.AppStore|iPhoneSimulator.ActiveCfg = AppStore|iPhoneSimulator
		{0CAE4F37-11AC-4ECE-8CDB-4C0CE6F4FB55}.AppStore|iPhoneSimulator.Build.0 = AppStore|iPhoneSimulator
		{0CAE4F37-11AC-4ECE-8CDB-4C0CE6F4FB55}.AppStore|iPhoneSimulator.Deploy.0 = AppStore|iPhoneSimulator
		{0CAE4F37-11AC-4ECE-8CDB-4C0CE6F4FB55}.Debug|Any CPU.ActiveCfg = Debug|iPhoneSimulator
		{0CAE4F37-11AC-4ECE-8CDB-4C0CE6F4FB55}.Debug|Any CPU.Build.0 = Debug|iPhoneSimulator
		{0CAE4F37-11AC-4ECE-8CDB-4C0CE6F4FB55}.Debug|Any CPU.Deploy.0 = Debug|iPhoneSimulator
		{0CAE4F37-11AC-4ECE-8CDB-4C0CE6F4FB55}.Debug|iPhone.ActiveCfg = Debug|iPhone
		{0CAE4F37-11AC-4ECE-8CDB-4C0CE6F4FB55}.Debug|iPhone.Build.0 = Debug|iPhone
		{0CAE4F37-11AC-4ECE-8CDB-4C0CE6F4FB55}.Debug|iPhone.Deploy.0 = Debug|iPhone
		{0CAE4F37-11AC-4ECE-8CDB-4C0CE6F4FB55}.Debug|iPhoneSimulator.ActiveCfg = Debug|iPhoneSimulator
		{0CAE4F37-11AC-4ECE-8CDB-4C0CE6F4FB55}.Debug|iPhoneSimulator.Build.0 = Debug|iPhoneSimulator
		{0CAE4F37-11AC-4ECE-8CDB-4C0CE6F4FB55}.Debug|iPhoneSimulator.Deploy.0 = Debug|iPhoneSimulator
		{0CAE4F37-11AC-4ECE-8CDB-4C0CE6F4FB55}.Release|Any CPU.ActiveCfg = Release|iPhone
		{0CAE4F37-11AC-4ECE-8CDB-4C0CE6F4FB55}.Release|Any CPU.Build.0 = Release|iPhone
		{0CAE4F37-11AC-4ECE-8CDB-4C0CE6F4FB55}.Release|Any CPU.Deploy.0 = Release|iPhone
		{0CAE4F37-11AC-4ECE-8CDB-4C0CE6F4FB55}.Release|iPhone.ActiveCfg = Release|iPhone
		{0CAE4F37-11AC-4ECE-8CDB-4C0CE6F4FB55}.Release|iPhone.Build.0 = Release|iPhone
		{0CAE4F37-11AC-4ECE-8CDB-4C0CE6F4FB55}.Release|iPhone.Deploy.0 = Release|iPhone
		{0CAE4F37-11AC-4ECE-8CDB-4C0CE6F4FB55}.Release|iPhoneSimulator.ActiveCfg = Release|iPhoneSimulator
		{0CAE4F37-11AC-4ECE-8CDB-4C0CE6F4FB55}.Release|iPhoneSimulator.Build.0 = Release|iPhoneSimulator
		{0CAE4F37-11AC-4ECE-8CDB-4C0CE6F4FB55}.Release|iPhoneSimulator.Deploy.0 = Release|iPhoneSimulator
		{7EC74695-300A-4C92-BC19-AF5028EF22F8}.Ad-Hoc|Any CPU.ActiveCfg = Debug|Any CPU
		{7EC74695-300A-4C92-BC19-AF5028EF22F8}.Ad-Hoc|Any CPU.Build.0 = Debug|Any CPU
		{7EC74695-300A-4C92-BC19-AF5028EF22F8}.Ad-Hoc|Any CPU.Deploy.0 = Debug|Any CPU
		{7EC74695-300A-4C92-BC19-AF5028EF22F8}.Ad-Hoc|iPhone.ActiveCfg = Debug|Any CPU
		{7EC74695-300A-4C92-BC19-AF5028EF22F8}.Ad-Hoc|iPhone.Build.0 = Debug|Any CPU
		{7EC74695-300A-4C92-BC19-AF5028EF22F8}.Ad-Hoc|iPhone.Deploy.0 = Debug|Any CPU
		{7EC74695-300A-4C92-BC19-AF5028EF22F8}.Ad-Hoc|iPhoneSimulator.ActiveCfg = Debug|Any CPU
		{7EC74695-300A-4C92-BC19-AF5028EF22F8}.Ad-Hoc|iPhoneSimulator.Build.0 = Debug|Any CPU
		{7EC74695-300A-4C92-BC19-AF5028EF22F8}.Ad-Hoc|iPhoneSimulator.Deploy.0 = Debug|Any CPU
		{7EC74695-300A-4C92-BC19-AF5028EF22F8}.AppStore|Any CPU.ActiveCfg = Debug|Any CPU
		{7EC74695-300A-4C92-BC19-AF5028EF22F8}.AppStore|Any CPU.Build.0 = Debug|Any CPU
		{7EC74695-300A-4C92-BC19-AF5028EF22F8}.AppStore|Any CPU.Deploy.0 = Debug|Any CPU
		{7EC74695-300A-4C92-BC19-AF5028EF22F8}.AppStore|iPhone.ActiveCfg = Debug|Any CPU
		{7EC74695-300A-4C92-BC19-AF5028EF22F8}.AppStore|iPhone.Build.0 = Debug|Any CPU
		{7EC74695-300A-4C92-BC19-AF5028EF22F8}.AppStore|iPhone.Deploy.0 = Debug|Any CPU
		{7EC74695-300A-4C92-BC19-AF5028EF22F8}.AppStore|iPhoneSimulator.ActiveCfg = Debug|Any CPU
		{7EC74695-300A-4C92-BC19-AF5028EF22F8}.AppStore|iPhoneSimulator.Build.0 = Debug|Any CPU
		{7EC74695-300A-4C92-BC19-AF5028EF22F8}.AppStore|iPhoneSimulator.Deploy.0 = Debug|Any CPU
		{7EC74695-300A-4C92-BC19-AF5028EF22F8}.Debug|Any CPU.ActiveCfg = Debug|Any CPU
		{7EC74695-300A-4C92-BC19-AF5028EF22F8}.Debug|Any CPU.Build.0 = Debug|Any CPU
		{7EC74695-300A-4C92-BC19-AF5028EF22F8}.Debug|Any CPU.Deploy.0 = Debug|Any CPU
		{7EC74695-300A-4C92-BC19-AF5028EF22F8}.Debug|iPhone.ActiveCfg = Debug|Any CPU
		{7EC74695-300A-4C92-BC19-AF5028EF22F8}.Debug|iPhone.Build.0 = Debug|Any CPU
		{7EC74695-300A-4C92-BC19-AF5028EF22F8}.Debug|iPhone.Deploy.0 = Debug|Any CPU
		{7EC74695-300A-4C92-BC19-AF5028EF22F8}.Debug|iPhoneSimulator.ActiveCfg = Debug|Any CPU
		{7EC74695-300A-4C92-BC19-AF5028EF22F8}.Debug|iPhoneSimulator.Build.0 = Debug|Any CPU
		{7EC74695-300A-4C92-BC19-AF5028EF22F8}.Debug|iPhoneSimulator.Deploy.0 = Debug|Any CPU
		{7EC74695-300A-4C92-BC19-AF5028EF22F8}.Release|Any CPU.ActiveCfg = Release|Any CPU
		{7EC74695-300A-4C92-BC19-AF5028EF22F8}.Release|Any CPU.Build.0 = Release|Any CPU
		{7EC74695-300A-4C92-BC19-AF5028EF22F8}.Release|Any CPU.Deploy.0 = Release|Any CPU
		{7EC74695-300A-4C92-BC19-AF5028EF22F8}.Release|iPhone.ActiveCfg = Release|Any CPU
		{7EC74695-300A-4C92-BC19-AF5028EF22F8}.Release|iPhone.Build.0 = Release|Any CPU
		{7EC74695-300A-4C92-BC19-AF5028EF22F8}.Release|iPhone.Deploy.0 = Release|Any CPU
		{7EC74695-300A-4C92-BC19-AF5028EF22F8}.Release|iPhoneSimulator.ActiveCfg = Release|Any CPU
		{7EC74695-300A-4C92-BC19-AF5028EF22F8}.Release|iPhoneSimulator.Build.0 = Release|Any CPU
		{7EC74695-300A-4C92-BC19-AF5028EF22F8}.Release|iPhoneSimulator.Deploy.0 = Release|Any CPU
	EndGlobalSection
	GlobalSection(SolutionProperties) = preSolution
		HideSolutionNode = FALSE
	EndGlobalSection
	GlobalSection(ExtensibilityGlobals) = postSolution
		SolutionGuid = {44122232-D957-45AF-BA0C-D8B49340E816}
	EndGlobalSection
EndGlobal
